
Microsoft Visual Studio Solution File, Format Version 12.00
# Visual Studio 15
VisualStudioVersion = 15.0.28307.271
MinimumVisualStudioVersion = 10.0.40219.1
Project("{FAE04EC0-301F-11D3-BF4B-00C04F79EFBC}") = "IllustViewer", "IllustViewer\IllustViewer.csproj", "{BDB3FC01-60CE-4611-B7B9-F55704FABF07}"
EndProject
Project("{FAE04EC0-301F-11D3-BF4B-00C04F79EFBC}") = "RichIO", "RichIO\RichIO.csproj", "{8EE3B1DF-3A0E-44EE-B79C-371AF3372BCE}"
EndProject
Global
	GlobalSection(SolutionConfigurationPlatforms) = preSolution
		Debug|Any CPU = Debug|Any CPU
		Release|Any CPU = Release|Any CPU
	EndGlobalSection
	GlobalSection(ProjectConfigurationPlatforms) = postSolution
		{BDB3FC01-60CE-4611-B7B9-F55704FABF07}.Debug|Any CPU.ActiveCfg = Debug|Any CPU
		{BDB3FC01-60CE-4611-B7B9-F55704FABF07}.Debug|Any CPU.Build.0 = Debug|Any CPU
		{BDB3FC01-60CE-4611-B7B9-F55704FABF07}.Release|Any CPU.ActiveCfg = Release|Any CPU
		{BDB3FC01-60CE-4611-B7B9-F55704FABF07}.Release|Any CPU.Build.0 = Release|Any CPU
		{8EE3B1DF-3A0E-44EE-B79C-371AF3372BCE}.Debug|Any CPU.ActiveCfg = Debug|Any CPU
		{8EE3B1DF-3A0E-44EE-B79C-371AF3372BCE}.Debug|Any CPU.Build.0 = Debug|Any CPU
		{8EE3B1DF-3A0E-44EE-B79C-371AF3372BCE}.Release|Any CPU.ActiveCfg = Release|Any CPU
		{8EE3B1DF-3A0E-44EE-B79C-371AF3372BCE}.Release|Any CPU.Build.0 = Release|Any CPU
	EndGlobalSection
	GlobalSection(SolutionProperties) = preSolution
		HideSolutionNode = FALSE
	EndGlobalSection
	GlobalSection(ExtensibilityGlobals) = postSolution
		SolutionGuid = {04644CA0-7678-4983-BBB3-02982D355259}
	EndGlobalSection
EndGlobal
